
Microsoft Visual Studio Solution File, Format Version 12.00
# Visual Studio 15
VisualStudioVersion = 15.0.26730.12
MinimumVisualStudioVersion = 10.0.40219.1
Project("{FAE04EC0-301F-11D3-BF4B-00C04F79EFBC}") = "Assignment1", "Assignment1\Assignment1.csproj", "{ABF9CA74-703F-4FBB-BE8A-1C14969DDFCD}"
EndProject
Global
	GlobalSection(SolutionConfigurationPlatforms) = preSolution
		Debug|Any CPU = Debug|Any CPU
		Release|Any CPU = Release|Any CPU
	EndGlobalSection
	GlobalSection(ProjectConfigurationPlatforms) = postSolution
		{ABF9CA74-703F-4FBB-BE8A-1C14969DDFCD}.Debug|Any CPU.ActiveCfg = Debug|Any CPU
		{ABF9CA74-703F-4FBB-BE8A-1C14969DDFCD}.Debug|Any CPU.Build.0 = Debug|Any CPU
		{ABF9CA74-703F-4FBB-BE8A-1C14969DDFCD}.Release|Any CPU.ActiveCfg = Release|Any CPU
		{ABF9CA74-703F-4FBB-BE8A-1C14969DDFCD}.Release|Any CPU.Build.0 = Release|Any CPU
	EndGlobalSection
	GlobalSection(SolutionProperties) = preSolution
		HideSolutionNode = FALSE
	EndGlobalSection
	GlobalSection(ExtensibilityGlobals) = postSolution
		SolutionGuid = {3500C3B7-AF64-4101-9F19-EB74902BC242}
	EndGlobalSection
EndGlobal
